
Microsoft Visual Studio Solution File, Format Version 12.00
# Visual Studio 15
VisualStudioVersion = 15.0.27130.2010
MinimumVisualStudioVersion = 10.0.40219.1
Project("{FAE04EC0-301F-11D3-BF4B-00C04F79EFBC}") = "PeopleInfoStorage.Core", "PeopleInfoStorage.Core\PeopleInfoStorage.Core.csproj", "{0619AEAD-55A1-40CC-B038-F1D1DEFC6B79}"
EndProject
Project("{FAE04EC0-301F-11D3-BF4B-00C04F79EFBC}") = "PeopleInfoStorage.Services", "PeopleInfoStorage.Services\PeopleInfoStorage.Services.csproj", "{067394B7-89D2-40DE-9ECF-385AAC34E8C4}"
EndProject
Project("{FAE04EC0-301F-11D3-BF4B-00C04F79EFBC}") = "PeopleInfoStorage.WPF", "PeopleInfoStorage.WPF\PeopleInfoStorage.WPF.csproj", "{633D72F1-7266-4371-A0D0-1C26A566595F}"
EndProject
Global
	GlobalSection(SolutionConfigurationPlatforms) = preSolution
		Debug|Any CPU = Debug|Any CPU
		Release|Any CPU = Release|Any CPU
	EndGlobalSection
	GlobalSection(ProjectConfigurationPlatforms) = postSolution
		{0619AEAD-55A1-40CC-B038-F1D1DEFC6B79}.Debug|Any CPU.ActiveCfg = Debug|Any CPU
		{0619AEAD-55A1-40CC-B038-F1D1DEFC6B79}.Debug|Any CPU.Build.0 = Debug|Any CPU
		{0619AEAD-55A1-40CC-B038-F1D1DEFC6B79}.Release|Any CPU.ActiveCfg = Release|Any CPU
		{0619AEAD-55A1-40CC-B038-F1D1DEFC6B79}.Release|Any CPU.Build.0 = Release|Any CPU
		{067394B7-89D2-40DE-9ECF-385AAC34E8C4}.Debug|Any CPU.ActiveCfg = Debug|Any CPU
		{067394B7-89D2-40DE-9ECF-385AAC34E8C4}.Debug|Any CPU.Build.0 = Debug|Any CPU
		{067394B7-89D2-40DE-9ECF-385AAC34E8C4}.Release|Any CPU.ActiveCfg = Release|Any CPU
		{067394B7-89D2-40DE-9ECF-385AAC34E8C4}.Release|Any CPU.Build.0 = Release|Any CPU
		{633D72F1-7266-4371-A0D0-1C26A566595F}.Debug|Any CPU.ActiveCfg = Debug|Any CPU
		{633D72F1-7266-4371-A0D0-1C26A566595F}.Debug|Any CPU.Build.0 = Debug|Any CPU
		{633D72F1-7266-4371-A0D0-1C26A566595F}.Release|Any CPU.ActiveCfg = Release|Any CPU
		{633D72F1-7266-4371-A0D0-1C26A566595F}.Release|Any CPU.Build.0 = Release|Any CPU
	EndGlobalSection
	GlobalSection(SolutionProperties) = preSolution
		HideSolutionNode = FALSE
	EndGlobalSection
	GlobalSection(ExtensibilityGlobals) = postSolution
		SolutionGuid = {76A9E9EA-89DF-4E59-AEB8-29648FDC008B}
	EndGlobalSection
EndGlobal
